// !$*UTF8*$!
{
	archiveVersion = 1;
	classes = {
	};
	objectVersion = 46;
	objects = {

/* Begin PBXBuildFile section */
		F40A42AD19C8C8170049D0B4 /* AppDelegate.swift in Sources */ = {isa = PBXBuildFile; fileRef = F40A42AC19C8C8170049D0B4 /* AppDelegate.swift */; };
		F40A42AF19C8C8170049D0B4 /* ViewController.swift in Sources */ = {isa = PBXBuildFile; fileRef = F40A42AE19C8C8170049D0B4 /* ViewController.swift */; };
		F40A42B219C8C8170049D0B4 /* Main.storyboard in Resources */ = {isa = PBXBuildFile; fileRef = F40A42B019C8C8170049D0B4 /* Main.storyboard */; };
		F40A42B419C8C8170049D0B4 /* Images.xcassets in Resources */ = {isa = PBXBuildFile; fileRef = F40A42B319C8C8170049D0B4 /* Images.xcassets */; };
		F40A42B719C8C8170049D0B4 /* LaunchScreen.xib in Resources */ = {isa = PBXBuildFile; fileRef = F40A42B519C8C8170049D0B4 /* LaunchScreen.xib */; };
		F40A42C319C8C8170049D0B4 /* Postcard1Tests.swift in Sources */ = {isa = PBXBuildFile; fileRef = F40A42C219C8C8170049D0B4 /* Postcard1Tests.swift */; };
		F40A42CF19C8C94E0049D0B4 /* stamp_italian.jpg in Resources */ = {isa = PBXBuildFile; fileRef = F40A42CD19C8C94E0049D0B4 /* stamp_italian.jpg */; };
		F40A42D019C8C94E0049D0B4 /* Summer-Desktop-Backgrounds-119.jpg in Resources */ = {isa = PBXBuildFile; fileRef = F40A42CE19C8C94E0049D0B4 /* Summer-Desktop-Backgrounds-119.jpg */; };
/* End PBXBuildFile section */

/* Begin PBXContainerItemProxy section */
		F40A42BD19C8C8170049D0B4 /* PBXContainerItemProxy */ = {
			isa = PBXContainerItemProxy;
			containerPortal = F40A429F19C8C8170049D0B4 /* Project object */;
			proxyType = 1;
			remoteGlobalIDString = F40A42A619C8C8170049D0B4;
			remoteInfo = Postcard1;
		};
/* End PBXContainerItemProxy section */

/* Begin PBXFileReference section */
		F40A42A719C8C8170049D0B4 /* Postcard1.app */ = {isa = PBXFileReference; explicitFileType = wrapper.application; includeInIndex = 0; path = Postcard1.app; sourceTree = BUILT_PRODUCTS_DIR; };
		F40A42AB19C8C8170049D0B4 /* Info.plist */ = {isa = PBXFileReference; lastKnownFileType = text.plist.xml; path = Info.plist; sourceTree = "<group>"; };
		F40A42AC19C8C8170049D0B4 /* AppDelegate.swift */ = {isa = PBXFileReference; lastKnownFileType = sourcecode.swift; path = AppDelegate.swift; sourceTree = "<group>"; };
		F40A42AE19C8C8170049D0B4 /* ViewController.swift */ = {isa = PBXFileReference; lastKnownFileType = sourcecode.swift; path = ViewController.swift; sourceTree = "<group>"; };
		F40A42B119C8C8170049D0B4 /* Base */ = {isa = PBXFileReference; lastKnownFileType = file.storyboard; name = Base; path = Base.lproj/Main.storyboard; sourceTree = "<group>"; };
		F40A42B319C8C8170049D0B4 /* Images.xcassets */ = {isa = PBXFileReference; lastKnownFileType = folder.assetcatalog; path = Images.xcassets; sourceTree = "<group>"; };
		F40A42B619C8C8170049D0B4 /* Base */ = {isa = PBXFileReference; lastKnownFileType = file.xib; name = Base; path = Base.lproj/LaunchScreen.xib; sourceTree = "<group>"; };
		F40A42BC19C8C8170049D0B4 /* Postcard1Tests.xctest */ = {isa = PBXFileReference; explicitFileType = wrapper.cfbundle; includeInIndex = 0; path = Postcard1Tests.xctest; sourceTree = BUILT_PRODUCTS_DIR; };
		F40A42C119C8C8170049D0B4 /* Info.plist */ = {isa = PBXFileReference; lastKnownFileType = text.plist.xml; path = Info.plist; sourceTree = "<group>"; };
		F40A42C219C8C8170049D0B4 /* Postcard1Tests.swift */ = {isa = PBXFileReference; lastKnownFileType = sourcecode.swift; path = Postcard1Tests.swift; sourceTree = "<group>"; };
		F40A42CD19C8C94E0049D0B4 /* stamp_italian.jpg */ = {isa = PBXFileReference; lastKnownFileType = image.jpeg; path = stamp_italian.jpg; sourceTree = "<group>"; };
		F40A42CE19C8C94E0049D0B4 /* Summer-Desktop-Backgrounds-119.jpg */ = {isa = PBXFileReference; lastKnownFileType = image.jpeg; path = "Summer-Desktop-Backgrounds-119.jpg"; sourceTree = "<group>"; };
/* End PBXFileReference section */

/* Begin PBXFrameworksBuildPhase section */
		F40A42A419C8C8170049D0B4 /* Frameworks */ = {
			isa = PBXFrameworksBuildPhase;
			buildActionMask = 2147483647;
			files = (
			);
			runOnlyForDeploymentPostprocessing = 0;
		};
		F40A42B919C8C8170049D0B4 /* Frameworks */ = {
			isa = PBXFrameworksBuildPhase;
			buildActionMask = 2147483647;
			files = (
			);
			runOnlyForDeploymentPostprocessing = 0;
		};
/* End PBXFrameworksBuildPhase section */

/* Begin PBXGroup section */
		F40A429E19C8C8170049D0B4 = {
			isa = PBXGroup;
			children = (
				F40A42A919C8C8170049D0B4 /* Postcard1 */,
				F40A42BF19C8C8170049D0B4 /* Postcard1Tests */,
				F40A42A819C8C8170049D0B4 /* Products */,
			);
			sourceTree = "<group>";
		};
		F40A42A819C8C8170049D0B4 /* Products */ = {
			isa = PBXGroup;
			children = (
				F40A42A719C8C8170049D0B4 /* Postcard1.app */,
				F40A42BC19C8C8170049D0B4 /* Postcard1Tests.xctest */,
			);
			name = Products;
			sourceTree = "<group>";
		};
		F40A42A919C8C8170049D0B4 /* Postcard1 */ = {
			isa = PBXGroup;
			children = (
				F40A42AC19C8C8170049D0B4 /* AppDelegate.swift */,
				F40A42AE19C8C8170049D0B4 /* ViewController.swift */,
				F40A42B019C8C8170049D0B4 /* Main.storyboard */,
				F40A42B319C8C8170049D0B4 /* Images.xcassets */,
				F40A42B519C8C8170049D0B4 /* LaunchScreen.xib */,
				F40A42AA19C8C8170049D0B4 /* Supporting Files */,
			);
			path = Postcard1;
			sourceTree = "<group>";
		};
		F40A42AA19C8C8170049D0B4 /* Supporting Files */ = {
			isa = PBXGroup;
			children = (
				F40A42CC19C8C94E0049D0B4 /* italian stamp images */,
				F40A42AB19C8C8170049D0B4 /* Info.plist */,
			);
			name = "Supporting Files";
			sourceTree = "<group>";
		};
		F40A42BF19C8C8170049D0B4 /* Postcard1Tests */ = {
			isa = PBXGroup;
			children = (
				F40A42C219C8C8170049D0B4 /* Postcard1Tests.swift */,
				F40A42C019C8C8170049D0B4 /* Supporting Files */,
			);
			path = Postcard1Tests;
			sourceTree = "<group>";
		};
		F40A42C019C8C8170049D0B4 /* Supporting Files */ = {
			isa = PBXGroup;
			children = (
				F40A42C119C8C8170049D0B4 /* Info.plist */,
			);
			name = "Supporting Files";
			sourceTree = "<group>";
		};
		F40A42CC19C8C94E0049D0B4 /* italian stamp images */ = {
			isa = PBXGroup;
			children = (
				F40A42CD19C8C94E0049D0B4 /* stamp_italian.jpg */,
				F40A42CE19C8C94E0049D0B4 /* Summer-Desktop-Backgrounds-119.jpg */,
			);
			path = "italian stamp images";
			sourceTree = "<group>";
		};
/* End PBXGroup section */

/* Begin PBXNativeTarget section */
		F40A42A619C8C8170049D0B4 /* Postcard1 */ = {
			isa = PBXNativeTarget;
			buildConfigurationList = F40A42C619C8C8170049D0B4 /* Build configuration list for PBXNativeTarget "Postcard1" */;
			buildPhases = (
				F40A42A319C8C8170049D0B4 /* Sources */,
				F40A42A419C8C8170049D0B4 /* Frameworks */,
				F40A42A519C8C8170049D0B4 /* Resources */,
			);
			buildRules = (
			);
			dependencies = (
			);
			name = Postcard1;
			productName = Postcard1;
			productReference = F40A42A719C8C8170049D0B4 /* Postcard1.app */;
			productType = "com.apple.product-type.application";
		};
		F40A42BB19C8C8170049D0B4 /* Postcard1Tests */ = {
			isa = PBXNativeTarget;
			buildConfigurationList = F40A42C919C8C8170049D0B4 /* Build configuration list for PBXNativeTarget "Postcard1Tests" */;
			buildPhases = (
				F40A42B819C8C8170049D0B4 /* Sources */,
				F40A42B919C8C8170049D0B4 /* Frameworks */,
				F40A42BA19C8C8170049D0B4 /* Resources */,
			);
			buildRules = (
			);
			dependencies = (
				F40A42BE19C8C8170049D0B4 /* PBXTargetDependency */,
			);
			name = Postcard1Tests;
			productName = Postcard1Tests;
			productReference = F40A42BC19C8C8170049D0B4 /* Postcard1Tests.xctest */;
			productType = "com.apple.product-type.bundle.unit-test";
		};
/* End PBXNativeTarget section */

/* Begin PBXProject section */
		F40A429F19C8C8170049D0B4 /* Project object */ = {
			isa = PBXProject;
			attributes = {
				LastUpgradeCheck = 0600;
				ORGANIZATIONNAME = "Simon Lally";
				TargetAttributes = {
					F40A42A619C8C8170049D0B4 = {
						CreatedOnToolsVersion = 6.0;
					};
					F40A42BB19C8C8170049D0B4 = {
						CreatedOnToolsVersion = 6.0;
						TestTargetID = F40A42A619C8C8170049D0B4;
					};
				};
			};
			buildConfigurationList = F40A42A219C8C8170049D0B4 /* Build configuration list for PBXProject "Postcard1" */;
			compatibilityVersion = "Xcode 3.2";
			developmentRegion = English;
			hasScannedForEncodings = 0;
			knownRegions = (
				en,
				Base,
			);
			mainGroup = F40A429E19C8C8170049D0B4;
			productRefGroup = F40A42A819C8C8170049D0B4 /* Products */;
			projectDirPath = "";
			projectRoot = "";
			targets = (
				F40A42A619C8C8170049D0B4 /* Postcard1 */,
				F40A42BB19C8C8170049D0B4 /* Postcard1Tests */,
			);
		};
/* End PBXProject section */

/* Begin PBXResourcesBuildPhase section */
		F40A42A519C8C8170049D0B4 /* Resources */ = {
			isa = PBXResourcesBuildPhase;
			buildActionMask = 2147483647;
			files = (
				F40A42B219C8C8170049D0B4 /* Main.storyboard in Resources */,
				F40A42D019C8C94E0049D0B4 /* Summer-Desktop-Backgrounds-119.jpg in Resources */,
				F40A42B719C8C8170049D0B4 /* LaunchScreen.xib in Resources */,
				F40A42CF19C8C94E0049D0B4 /* stamp_italian.jpg in Resources */,
				F40A42B419C8C8170049D0B4 /* Images.xcassets in Resources */,
			);
			runOnlyForDeploymentPostprocessing = 0;
		};
		F40A42BA19C8C8170049D0B4 /* Resources */ = {
			isa = PBXResourcesBuildPhase;
			buildActionMask = 2147483647;
			files = (
			);
			runOnlyForDeploymentPostprocessing = 0;
		};
/* End PBXResourcesBuildPhase section */

/* Begin PBXSourcesBuildPhase section */
		F40A42A319C8C8170049D0B4 /* Sources */ = {
			isa = PBXSourcesBuildPhase;
			buildActionMask = 2147483647;
			files = (
				F40A42AF19C8C8170049D0B4 /* ViewController.swift in Sources */,
				F40A42AD19C8C8170049D0B4 /* AppDelegate.swift in Sources */,
			);
			runOnlyForDeploymentPostprocessing = 0;
		};
		F40A42B819C8C8170049D0B4 /* Sources */ = {
			isa = PBXSourcesBuildPhase;
			buildActionMask = 2147483647;
			files = (
				F40A42C319C8C8170049D0B4 /* Postcard1Tests.swift in Sources */,
			);
			runOnlyForDeploymentPostprocessing = 0;
		};
/* End PBXSourcesBuildPhase section */

/* Begin PBXTargetDependency section */
		F40A42BE19C8C8170049D0B4 /* PBXTargetDependency */ = {
			isa = PBXTargetDependency;
			target = F40A42A619C8C8170049D0B4 /* Postcard1 */;
			targetProxy = F40A42BD19C8C8170049D0B4 /* PBXContainerItemProxy */;
		};
/* End PBXTargetDependency section */

/* Begin PBXVariantGroup section */
		F40A42B019C8C8170049D0B4 /* Main.storyboard */ = {
			isa = PBXVariantGroup;
			children = (
				F40A42B119C8C8170049D0B4 /* Base */,
			);
			name = Main.storyboard;
			sourceTree = "<group>";
		};
		F40A42B519C8C8170049D0B4 /* LaunchScreen.xib */ = {
			isa = PBXVariantGroup;
			children = (
				F40A42B619C8C8170049D0B4 /* Base */,
			);
			name = LaunchScreen.xib;
			sourceTree = "<group>";
		};
/* End PBXVariantGroup section */

/* Begin XCBuildConfiguration section */
		F40A42C419C8C8170049D0B4 /* Debug */ = {
			isa = XCBuildConfiguration;
			buildSettings = {
				ALWAYS_SEARCH_USER_PATHS = NO;
				CLANG_CXX_LANGUAGE_STANDARD = "gnu++0x";
				CLANG_CXX_LIBRARY = "libc++";
				CLANG_ENABLE_MODULES = YES;
				CLANG_ENABLE_OBJC_ARC = YES;
				CLANG_WARN_BOOL_CONVERSION = YES;
				CLANG_WARN_CONSTANT_CONVERSION = YES;
				CLANG_WARN_DIRECT_OBJC_ISA_USAGE = YES_ERROR;
				CLANG_WARN_EMPTY_BODY = YES;
				CLANG_WARN_ENUM_CONVERSION = YES;
				CLANG_WARN_INT_CONVERSION = YES;
				CLANG_WARN_OBJC_ROOT_CLASS = YES_ERROR;
				CLANG_WARN_UNREACHABLE_CODE = YES;
				CLANG_WARN__DUPLICATE_METHOD_MATCH = YES;
				"CODE_SIGN_IDENTITY[sdk=iphoneos*]" = "iPhone Developer";
				COPY_PHASE_STRIP = NO;
				ENABLE_STRICT_OBJC_MSGSEND = YES;
				GCC_C_LANGUAGE_STANDARD = gnu99;
				GCC_DYNAMIC_NO_PIC = NO;
				GCC_OPTIMIZATION_LEVEL = 0;
				GCC_PREPROCESSOR_DEFINITIONS = (
					"DEBUG=1",
					"$(inherited)",
				);
				GCC_SYMBOLS_PRIVATE_EXTERN = NO;
				GCC_WARN_64_TO_32_BIT_CONVERSION = YES;
				GCC_WARN_ABOUT_RETURN_TYPE = YES_ERROR;
				GCC_WARN_UNDECLARED_SELECTOR = YES;
				GCC_WARN_UNINITIALIZED_AUTOS = YES_AGGRESSIVE;
				GCC_WARN_UNUSED_FUNCTION = YES;
				GCC_WARN_UNUSED_VARIABLE = YES;
				IPHONEOS_DEPLOYMENT_TARGET = 8.0;
				MTL_ENABLE_DEBUG_INFO = YES;
				ONLY_ACTIVE_ARCH = YES;
				SDKROOT = iphoneos;
				SWIFT_OPTIMIZATION_LEVEL = "-Onone";
			};
			name = Debug;
		};
		F40A42C519C8C8170049D0B4 /* Release */ = {
			isa = XCBuildConfiguration;
			buildSettings = {
				ALWAYS_SEARCH_USER_PATHS = NO;
				CLANG_CXX_LANGUAGE_STANDARD = "gnu++0x";
				CLANG_CXX_LIBRARY = "libc++";
				CLANG_ENABLE_MODULES = YES;
				CLANG_ENABLE_OBJC_ARC = YES;
				CLANG_WARN_BOOL_CONVERSION = YES;
				CLANG_WARN_CONSTANT_CONVERSION = YES;
				CLANG_WARN_DIRECT_OBJC_ISA_USAGE = YES_ERROR;
				CLANG_WARN_EMPTY_BODY = YES;
				CLANG_WARN_ENUM_CONVERSION = YES;
				CLANG_WARN_INT_CONVERSION = YES;
				CLANG_WARN_OBJC_ROOT_CLASS = YES_ERROR;
				CLANG_WARN_UNREACHABLE_CODE = YES;
				CLANG_WARN__DUPLICATE_METHOD_MATCH = YES;
				"CODE_SIGN_IDENTITY[sdk=iphoneos*]" = "iPhone Developer";
				COPY_PHASE_STRIP = YES;
				ENABLE_NS_ASSERTIONS = NO;
				ENABLE_STRICT_OBJC_MSGSEND = YES;
				GCC_C_LANGUAGE_STANDARD = gnu99;
				GCC_WARN_64_TO_32_BIT_CONVERSION = YES;
				GCC_WARN_ABOUT_RETURN_TYPE = YES_ERROR;
				GCC_WARN_UNDECLARED_SELECTOR = YES;
				GCC_WARN_UNINITIALIZED_AUTOS = YES_AGGRESSIVE;
				GCC_WARN_UNUSED_FUNCTION = YES;
				GCC_WARN_UNUSED_VARIABLE = YES;
				IPHONEOS_DEPLOYMENT_TARGET = 8.0;
				MTL_ENABLE_DEBUG_INFO = NO;
				SDKROOT = iphoneos;
				VALIDATE_PRODUCT = YES;
			};
			name = Release;
		};
		F40A42C719C8C8170049D0B4 /* Debug */ = {
			isa = XCBuildConfiguration;
			buildSettings = {
				ASSETCATALOG_COMPILER_APPICON_NAME = AppIcon;
				INFOPLIST_FILE = Postcard1/Info.plist;
				LD_RUNPATH_SEARCH_PATHS = "$(inherited) @executable_path/Frameworks";
				PRODUCT_NAME = "$(TARGET_NAME)";
			};
			name = Debug;
		};
		F40A42C819C8C8170049D0B4 /* Release */ = {
			isa = XCBuildConfiguration;
			buildSettings = {
				ASSETCATALOG_COMPILER_APPICON_NAME = AppIcon;
				INFOPLIST_FILE = Postcard1/Info.plist;
				LD_RUNPATH_SEARCH_PATHS = "$(inherited) @executable_path/Frameworks";
				PRODUCT_NAME = "$(TARGET_NAME)";
			};
			name = Release;
		};
		F40A42CA19C8C8170049D0B4 /* Debug */ = {
			isa = XCBuildConfiguration;
			buildSettings = {
				BUNDLE_LOADER = "$(TEST_HOST)";
				FRAMEWORK_SEARCH_PATHS = (
					"$(SDKROOT)/Developer/Library/Frameworks",
					"$(inherited)",
				);
				GCC_PREPROCESSOR_DEFINITIONS = (
					"DEBUG=1",
					"$(inherited)",
				);
				INFOPLIST_FILE = Postcard1Tests/Info.plist;
				LD_RUNPATH_SEARCH_PATHS = "$(inherited) @executable_path/Frameworks @loader_path/Frameworks";
				PRODUCT_NAME = "$(TARGET_NAME)";
				TEST_HOST = "$(BUILT_PRODUCTS_DIR)/Postcard1.app/Postcard1";
			};
			name = Debug;
		};
		F40A42CB19C8C8170049D0B4 /* Release */ = {
			isa = XCBuildConfiguration;
			buildSettings = {
				BUNDLE_LOADER = "$(TEST_HOST)";
				FRAMEWORK_SEARCH_PATHS = (
					"$(SDKROOT)/Developer/Library/Frameworks",
					"$(inherited)",
				);
				INFOPLIST_FILE = Postcard1Tests/Info.plist;
				LD_RUNPATH_SEARCH_PATHS = "$(inherited) @executable_path/Frameworks @loader_path/Frameworks";
				PRODUCT_NAME = "$(TARGET_NAME)";
				TEST_HOST = "$(BUILT_PRODUCTS_DIR)/Postcard1.app/Postcard1";
			};
			name = Release;
		};
/* End XCBuildConfiguration section */

/* Begin XCConfigurationList section */
		F40A42A219C8C8170049D0B4 /* Build configuration list for PBXProject "Postcard1" */ = {
			isa = XCConfigurationList;
			buildConfigurations = (
				F40A42C419C8C8170049D0B4 /* Debug */,
				F40A42C519C8C8170049D0B4 /* Release */,
			);
			defaultConfigurationIsVisible = 0;
			defaultConfigurationName = Release;
		};
		F40A42C619C8C8170049D0B4 /* Build configuration list for PBXNativeTarget "Postcard1" */ = {
			isa = XCConfigurationList;
			buildConfigurations = (
				F40A42C719C8C8170049D0B4 /* Debug */,
				F40A42C819C8C8170049D0B4 /* Release */,
			);
			defaultConfigurationIsVisible = 0;
		};
		F40A42C919C8C8170049D0B4 /* Build configuration list for PBXNativeTarget "Postcard1Tests" */ = {
			isa = XCConfigurationList;
			buildConfigurations = (
				F40A42CA19C8C8170049D0B4 /* Debug */,
				F40A42CB19C8C8170049D0B4 /* Release */,
			);
			defaultConfigurationIsVisible = 0;
		};
/* End XCConfigurationList section */
	};
	rootObject = F40A429F19C8C8170049D0B4 /* Project object */;
}
